{
  "name": "v8-heapsnapshot",
  "version": "1.0.0",
  "lockfileVersion": 1,
  "requires": true,
  "dependencies": {
    "@types/node": {
      "version": "8.0.53",
      "resolved": "https://registry.npmjs.org/@types/node/-/node-8.0.53.tgz",
      "integrity": "sha512-54Dm6NwYeiSQmRB1BLXKr5GELi0wFapR1npi8bnZhEcu84d/yQKqnwwXQ56hZ0RUbTG6L5nqDZaN3dgByQXQRQ=="
    },
    "@types/oboe": {
      "version": "2.0.28",
      "resolved": "https://registry.npmjs.org/@types/oboe/-/oboe-2.0.28.tgz",
      "integrity": "sha1-OvywzJSfzfd3hh2W6FcfO0hvD6c=",
      "requires": {
        "@types/node": "8.0.53"
      }
    },
    "http-https": {
      "version": "1.0.0",
      "resolved": "https://registry.npmjs.org/http-https/-/http-https-1.0.0.tgz",
      "integrity": "sha1-L5CN1fHbQGjAWM1ubUzjkskTOJs="
    },
    "oboe": {
      "version": "2.1.4",
      "resolved": "https://registry.npmjs.org/oboe/-/oboe-2.1.4.tgz",
      "integrity": "sha1-IMiM2wwVNxuwQRklfU/dNLCqSfY=",
      "requires": {
        "http-https": "1.0.0"
      }
    },
    "typescript": {
      "version": "2.6.1",
      "resolved": "https://registry.npmjs.org/typescript/-/typescript-2.6.1.tgz",
      "integrity": "sha1-7znN6ierrAtQAkLWcmq5DgyEZjE=",
      "dev": true
    }
  }
}
