# THIS IS AN AUTOGENERATED FILE. DO NOT EDIT THIS FILE DIRECTLY.
# yarn lockfile v1


"@types/node@*", "@types/node@^18.11.10":
  version "18.11.10"
  resolved "https://registry.yarnpkg.com/@types/node/-/node-18.11.10.tgz#4c64759f3c2343b7e6c4b9caf761c7a3a05cee34"
  integrity sha512-juG3RWMBOqcOuXC643OAdSA525V44cVgGV6dUDuiFtss+8Fk5x1hI93Rsld43VeJVIeqlP9I7Fn9/qaVqoEAuQ==

"@types/oboe@^2.1.1":
  version "2.1.1"
  resolved "https://registry.yarnpkg.com/@types/oboe/-/oboe-2.1.1.tgz#f1dc56885879c0c35e69e911ee62a97f99776e95"
  integrity sha512-Ytg7xGrqNpnWvzK9G2k+ZzTYiG+h+FGxQ5uDR/YBmBYv8P6HkpRwHjwH+Vcuesv6anZnB3AeqX2Wm/CP+e8JFA==
  dependencies:
    "@types/node" "*"

http-https@^1.0.0:
  version "1.0.0"
  resolved "https://registry.yarnpkg.com/http-https/-/http-https-1.0.0.tgz#2f908dd5f1db4068c058cd6e6d4ce392c913389b"
  integrity sha512-o0PWwVCSp3O0wS6FvNr6xfBCHgt0m1tvPLFOCc2iFDKTRAXhB7m8klDf7ErowFH8POa6dVdGatKU5I1YYwzUyg==

oboe@^2.1.5:
  version "2.1.5"
  resolved "https://registry.yarnpkg.com/oboe/-/oboe-2.1.5.tgz#5554284c543a2266d7a38f17e073821fbde393cd"
  integrity sha512-zRFWiF+FoicxEs3jNI/WYUrVEgA7DeET/InK0XQuudGHRg8iIob3cNPrJTKaz4004uaA9Pbe+Dwa8iluhjLZWA==
  dependencies:
    http-https "^1.0.0"

typescript@^5.0.4:
  version "5.0.4"
  resolved "https://registry.yarnpkg.com/typescript/-/typescript-5.0.4.tgz#b217fd20119bd61a94d4011274e0ab369058da3b"
  integrity sha512-cW9T5W9xY37cc+jfEnaUvX91foxtHkza3Nw3wkoF4sSlKn0MONdkdEndig/qPBWXNkmplh3NzayQzCiHM4/hqw==
